<?xml version="1.0" encoding="utf-8"?>
<Project ToolsVersion="4.0" xmlns="http://schemas.microsoft.com/developer/msbuild/2003">
  <ItemGroup>
    <Filter Include="Исходные файлы">
      <UniqueIdentifier>{4FC737F1-C7A5-4376-A066-2A32D752A2FF}</UniqueIdentifier>
      <Extensions>cpp;c;cc;cxx;def;odl;idl;hpj;bat;asm;asmx</Extensions>
    </Filter>
    <Filter Include="Классы">
      <UniqueIdentifier>{93995380-89BD-4b04-88EB-625FBE52EBFB}</UniqueIdentifier>
      <Extensions>h;hh;hpp;hxx;hm;inl;inc;ipp;xsd</Extensions>
    </Filter>
    <Filter Include="Классы\Menu">
      <UniqueIdentifier>{d83d02d4-5fdd-4dfd-b0a4-34388ed597ea}</UniqueIdentifier>
    </Filter>
    <Filter Include="Классы\Menu\MenuField">
      <UniqueIdentifier>{ccf9bd69-4f6e-4264-ba62-7c5bd6a7c3fe}</UniqueIdentifier>
    </Filter>
    <Filter Include="Классы\Date">
      <UniqueIdentifier>{b879156b-d38b-4171-a60b-38751dcc114f}</UniqueIdentifier>
    </Filter>
    <Filter Include="Классы\Request">
      <UniqueIdentifier>{5d2ccb22-ef05-4582-b276-339ded8920ea}</UniqueIdentifier>
    </Filter>
  </ItemGroup>
  <ItemGroup>
    <ClCompile Include="main.cpp">
      <Filter>Исходные файлы</Filter>
    </ClCompile>
    <ClCompile Include="Menu.cpp">
      <Filter>Классы\Menu</Filter>
    </ClCompile>
    <ClCompile Include="Date.cpp">
      <Filter>Классы\Date</Filter>
    </ClCompile>
    <ClCompile Include="Request.cpp">
      <Filter>Классы\Request</Filter>
    </ClCompile>
    <ClCompile Include="MenuField.cpp">
      <Filter>Классы\Menu\MenuField</Filter>
    </ClCompile>
    <ClCompile Include="ReqList.cpp">
      <Filter>Классы\Request</Filter>
    </ClCompile>
  </ItemGroup>
  <ItemGroup>
    <ClInclude Include="FulName.h">
      <Filter>Классы</Filter>
    </ClInclude>
    <ClInclude Include="Menu.h">
      <Filter>Классы\Menu</Filter>
    </ClInclude>
    <ClInclude Include="Date.h">
      <Filter>Классы\Date</Filter>
    </ClInclude>
    <ClInclude Include="Request.h">
      <Filter>Классы\Request</Filter>
    </ClInclude>
    <ClInclude Include="MenuField.h">
      <Filter>Классы\Menu\MenuField</Filter>
    </ClInclude>
    <ClInclude Include="ReqList.h">
      <Filter>Классы\Request</Filter>
    </ClInclude>
  </ItemGroup>
</Project>